
Microsoft Visual Studio Solution File, Format Version 12.00
# Visual Studio 15
VisualStudioVersion = 15.0.26730.12
MinimumVisualStudioVersion = 10.0.40219.1
Project("{FAE04EC0-301F-11D3-BF4B-00C04F79EFBC}") = "Actividad.ColaderaErastotenes", "Actividad.ColaderaErastotenes\Actividad.ColaderaErastotenes.csproj", "{44ED4E0C-8501-4304-9901-DD36BDCEB023}"
EndProject
Global
	GlobalSection(SolutionConfigurationPlatforms) = preSolution
		Debug|Any CPU = Debug|Any CPU
		Release|Any CPU = Release|Any CPU
	EndGlobalSection
	GlobalSection(ProjectConfigurationPlatforms) = postSolution
		{44ED4E0C-8501-4304-9901-DD36BDCEB023}.Debug|Any CPU.ActiveCfg = Debug|Any CPU
		{44ED4E0C-8501-4304-9901-DD36BDCEB023}.Debug|Any CPU.Build.0 = Debug|Any CPU
		{44ED4E0C-8501-4304-9901-DD36BDCEB023}.Release|Any CPU.ActiveCfg = Release|Any CPU
		{44ED4E0C-8501-4304-9901-DD36BDCEB023}.Release|Any CPU.Build.0 = Release|Any CPU
	EndGlobalSection
	GlobalSection(SolutionProperties) = preSolution
		HideSolutionNode = FALSE
	EndGlobalSection
	GlobalSection(ExtensibilityGlobals) = postSolution
		SolutionGuid = {49CFEC07-D936-4D1E-A37B-84404CCE4FE9}
	EndGlobalSection
EndGlobal
